
Microsoft Visual Studio Solution File, Format Version 12.00
# Visual Studio Version 16
VisualStudioVersion = 16.0.30413.136
MinimumVisualStudioVersion = 10.0.40219.1
Project("{FAE04EC0-301F-11D3-BF4B-00C04F79EFBC}") = "waGerenciamentoAcademico", "waGerenciamentoAcademico.csproj", "{DDCDA5D2-10A6-40C0-9C00-13DEB1B36268}"
EndProject
Global
	GlobalSection(SolutionConfigurationPlatforms) = preSolution
		Debug|Any CPU = Debug|Any CPU
		Release|Any CPU = Release|Any CPU
	EndGlobalSection
	GlobalSection(ProjectConfigurationPlatforms) = postSolution
		{DDCDA5D2-10A6-40C0-9C00-13DEB1B36268}.Debug|Any CPU.ActiveCfg = Debug|Any CPU
		{DDCDA5D2-10A6-40C0-9C00-13DEB1B36268}.Debug|Any CPU.Build.0 = Debug|Any CPU
		{DDCDA5D2-10A6-40C0-9C00-13DEB1B36268}.Release|Any CPU.ActiveCfg = Release|Any CPU
		{DDCDA5D2-10A6-40C0-9C00-13DEB1B36268}.Release|Any CPU.Build.0 = Release|Any CPU
	EndGlobalSection
	GlobalSection(SolutionProperties) = preSolution
		HideSolutionNode = FALSE
	EndGlobalSection
	GlobalSection(ExtensibilityGlobals) = postSolution
		SolutionGuid = {2035DB73-176D-4BDC-88F5-7C8452EEF251}
	EndGlobalSection
EndGlobal
